
Microsoft Visual Studio Solution File, Format Version 12.00
# Visual Studio 2013
VisualStudioVersion = 12.0.21005.1
MinimumVisualStudioVersion = 10.0.40219.1
Project("{2150E333-8FDC-42A3-9474-1A3956D46DE8}") = "BLL", "BLL", "{9227CC8D-3BAF-4777-8D04-336414C78EC9}"
EndProject
Project("{2150E333-8FDC-42A3-9474-1A3956D46DE8}") = "DAL", "DAL", "{37B817E6-B2FF-40A0-93D7-B8CC93562EDB}"
EndProject
Project("{2150E333-8FDC-42A3-9474-1A3956D46DE8}") = "FD", "FD", "{FE27F092-53D7-4A5D-B230-F2D50C63B095}"
EndProject
Project("{2150E333-8FDC-42A3-9474-1A3956D46DE8}") = "Service", "Service", "{17B59478-4B1F-4F59-B092-EAE5D650A1F0}"
EndProject
Project("{2150E333-8FDC-42A3-9474-1A3956D46DE8}") = "Web", "Web", "{79EFD256-4F2C-43C7-97E2-3431E59BB0D6}"
EndProject
Project("{FAE04EC0-301F-11D3-BF4B-00C04F79EFBC}") = "IES.Cache", "IES.Cache\IES.Cache.csproj", "{7A302F72-5F5F-41AF-9C2A-5C27E03A47D4}"
EndProject
Project("{FAE04EC0-301F-11D3-BF4B-00C04F79EFBC}") = "IES.Common", "IES.Common\IES.Common.csproj", "{DBB225C3-AD3B-469C-A8DF-CA8DFC4AE304}"
EndProject
Project("{FAE04EC0-301F-11D3-BF4B-00C04F79EFBC}") = "IES.Config", "IES.Config\IES.Config.csproj", "{BC42779F-9F4D-4599-ABC4-F46FA70C63A5}"
EndProject
Project("{FAE04EC0-301F-11D3-BF4B-00C04F79EFBC}") = "IES.DataBase", "IES.DataBase\IES.DataBase.csproj", "{C4DA068E-3DDA-43E1-845C-2C3F2F6E1D48}"
EndProject
Project("{FAE04EC0-301F-11D3-BF4B-00C04F79EFBC}") = "IES.Security", "IES.Security\IES.Security.csproj", "{C93539D1-C8A9-46EE-A2B9-ECF46B9DA47E}"
EndProject
Project("{FAE04EC0-301F-11D3-BF4B-00C04F79EFBC}") = "IES.G2S.Resource.BLL", "IES.G2S.Resource.BLL\IES.G2S.Resource.BLL.csproj", "{7893D3DE-1517-443B-9C4A-191EC233A073}"
EndProject
Project("{FAE04EC0-301F-11D3-BF4B-00C04F79EFBC}") = "IES.Analysis.BLL", "IES.Analysis.BLL\IES.Analysis.BLL.csproj", "{EFD902FC-183D-452B-8FE8-727E777A0FAD}"
EndProject
Project("{FAE04EC0-301F-11D3-BF4B-00C04F79EFBC}") = "Portal", "Portal\Portal.csproj", "{D309418B-BFBF-4DDD-B1F5-7CCC9A6FDD8C}"
EndProject
Project("{FAE04EC0-301F-11D3-BF4B-00C04F79EFBC}") = "Analysis", "Analysis\Analysis.csproj", "{679AB0DF-B08D-4999-836B-C722778C7A95}"
EndProject
Project("{2150E333-8FDC-42A3-9474-1A3956D46DE8}") = "Model", "Model", "{E243B72B-1B22-4DE9-B591-8BBF610138CA}"
EndProject
Project("{FAE04EC0-301F-11D3-BF4B-00C04F79EFBC}") = "IES.G2S.Resource.DAL", "IES.G2S.Resource.DAL\IES.G2S.Resource.DAL.csproj", "{97FFD6D3-8095-4592-98BD-BCCD4AF980D3}"
EndProject
Project("{FAE04EC0-301F-11D3-BF4B-00C04F79EFBC}") = "Test", "Test\Test.csproj", "{F25A0351-95E7-48C6-A134-14F43F8F7678}"
EndProject
Project("{FAE04EC0-301F-11D3-BF4B-00C04F79EFBC}") = "IES.Resource.Model", "IES.Resource.Model\IES.Resource.Model.csproj", "{FEB7E65D-BEC8-4CB9-9029-135F769DD3A1}"
EndProject
Project("{2150E333-8FDC-42A3-9474-1A3956D46DE8}") = "AOP", "AOP", "{3A1D563A-EA25-408C-ADE6-AF3723A1EDB5}"
EndProject
Project("{FAE04EC0-301F-11D3-BF4B-00C04F79EFBC}") = "IES.AOP.G2S", "IES.AOP.G2S\IES.AOP.G2S.csproj", "{C4205A08-B166-4A43-AE4F-B07E5AA782EF}"
EndProject
Project("{2150E333-8FDC-42A3-9474-1A3956D46DE8}") = "IBLL", "IBLL", "{79543B80-0F3A-4F2E-845A-E730EA51EAAC}"
EndProject
Project("{FAE04EC0-301F-11D3-BF4B-00C04F79EFBC}") = "IES.G2S.Resource.IBLL", "IES.G2S.Resource.IBLL\IES.G2S.Resource.IBLL.csproj", "{972577F0-3061-4659-933C-B065185DAF80}"
EndProject
Project("{FAE04EC0-301F-11D3-BF4B-00C04F79EFBC}") = "IES.JW.Model", "IES.JW.Model\IES.JW.Model.csproj", "{5BBC1895-4B66-4445-AF6D-F6711CB3266F}"
EndProject
Project("{FAE04EC0-301F-11D3-BF4B-00C04F79EFBC}") = "IES.CC.Model", "IES.CC.Model\IES.CC.Model.csproj", "{93A1E0E7-A049-4EA7-B349-845A81462D42}"
EndProject
Project("{FAE04EC0-301F-11D3-BF4B-00C04F79EFBC}") = "IES.G2S.CourseLive.DAL", "IES.G2S.CourseLive.DAL\IES.G2S.CourseLive.DAL.csproj", "{051F569B-8891-4DA7-BBB9-61D2E404B124}"
EndProject
Project("{FAE04EC0-301F-11D3-BF4B-00C04F79EFBC}") = "IES.G2S.CourseLive.BLL", "IES.G2S.CourseLive.BLL\IES.G2S.CourseLive.BLL.csproj", "{F8E33182-C952-4E25-9548-ADCC088A67D9}"
EndProject
Project("{FAE04EC0-301F-11D3-BF4B-00C04F79EFBC}") = "IES.G2S.CoursLive.IBLL", "IES.G2S.CoursLive.IBLL\IES.G2S.CoursLive.IBLL.csproj", "{353179D4-AF57-4B5B-B097-BAB9E4891043}"
EndProject
Project("{FAE04EC0-301F-11D3-BF4B-00C04F79EFBC}") = "IES.G2S.OC.DAL", "IES.G2S.OC.DAL\IES.G2S.OC.DAL.csproj", "{AF09FA22-37A6-4659-A574-2E575EE8341D}"
EndProject
Project("{FAE04EC0-301F-11D3-BF4B-00C04F79EFBC}") = "IES.G2S.OC.BLL", "IES.G2S.OC.BLL\IES.G2S.OC.BLL.csproj", "{C4A37EA7-8EB9-4320-84F7-687F184CE520}"
EndProject
Project("{FAE04EC0-301F-11D3-BF4B-00C04F79EFBC}") = "IES.G2S.OC.IBLL", "IES.G2S.OC.IBLL\IES.G2S.OC.IBLL.csproj", "{4704F48B-4FA4-4433-A36D-2CC96663F1A0}"
EndProject
Project("{FAE04EC0-301F-11D3-BF4B-00C04F79EFBC}") = "IES.G2S.JW.IBLL", "IES.G2S.JW.IBLL\IES.G2S.JW.IBLL.csproj", "{EDA74AD7-B4D0-4C50-BAB4-F8B5A7FCC34A}"
EndProject
Project("{FAE04EC0-301F-11D3-BF4B-00C04F79EFBC}") = "IES.G2S.JW.BLL", "IES.G2S.JW.BLL\IES.G2S.JW.BLL.csproj", "{0BD3295F-6AD6-4EC7-ADDD-77E061786181}"
EndProject
Project("{FAE04EC0-301F-11D3-BF4B-00C04F79EFBC}") = "IES.G2S.JW.DAL", "IES.G2S.JW.DAL\IES.G2S.JW.DAL.csproj", "{CAC6BC0B-B6EF-4FB6-A249-DD29D18AA657}"
EndProject
Project("{FAE04EC0-301F-11D3-BF4B-00C04F79EFBC}") = "IES.CommonDAL", "IES.CommonDAL\IES.CommonDAL.csproj", "{08C92FC8-F22F-4237-91A1-D191BABF91A9}"
EndProject
Project("{FAE04EC0-301F-11D3-BF4B-00C04F79EFBC}") = "G2S", "G2S\G2S.csproj", "{09806F9B-2C02-4ABF-8E1B-82F5D2E2EF62}"
EndProject
Project("{FAE04EC0-301F-11D3-BF4B-00C04F79EFBC}") = "IES.Portal.Model", "IES.Portal.Model\IES.Portal.Model.csproj", "{FE20D931-FA50-461B-81C9-59D7171863CB}"
EndProject
Project("{FAE04EC0-301F-11D3-BF4B-00C04F79EFBC}") = "IES.G2S.Portal.DAL", "IES.G2S.Portal.DAL\IES.G2S.Portal.DAL.csproj", "{86C14E11-3306-49F8-B3D6-06A7FE833517}"
EndProject
Project("{FAE04EC0-301F-11D3-BF4B-00C04F79EFBC}") = "IES.G2S.Portal.IBLL", "IES.G2S.Portal.IBLL\IES.G2S.Portal.IBLL.csproj", "{311A78B5-92FF-4B16-8B68-84F332152A38}"
EndProject
Project("{FAE04EC0-301F-11D3-BF4B-00C04F79EFBC}") = "IES.G2S.Portal.BLL", "IES.G2S.Portal.BLL\IES.G2S.Portal.BLL.csproj", "{B40A5886-A6B1-4410-B593-ABC00169E7CB}"
EndProject
Project("{FAE04EC0-301F-11D3-BF4B-00C04F79EFBC}") = "IES.Service", "IES.Service\IES.Service.csproj", "{3A3C9B64-1CD3-4ECA-9DBD-CE5B4F3F833E}"
EndProject
Project("{FAE04EC0-301F-11D3-BF4B-00C04F79EFBC}") = "Admin", "Admin\Admin.csproj", "{F8D9036E-A575-44C4-A50D-CC89E9CC813A}"
EndProject
Project("{FAE04EC0-301F-11D3-BF4B-00C04F79EFBC}") = "FileReceiveService", "FileReceiveService\FileReceiveService.csproj", "{B9B570EF-CB52-418A-9404-F5B372180379}"
EndProject
Project("{FAE04EC0-301F-11D3-BF4B-00C04F79EFBC}") = "Resource", "Resource\Resource.csproj", "{8274499F-0EE1-403C-B830-7AB8EC4E5B55}"
EndProject
Global
	GlobalSection(SourceCodeControl) = preSolution
		SccNumberOfProjects = 36
		SccProjectName0 = \u0022$/IES2.root/IES2\u0022,\u0020DAAAAAAA
		SccLocalPath0 = .
		SccProvider0 = MSSCCI:Microsoft\u0020Visual\u0020SourceSafe
		SccProjectUniqueName1 = Analysis\\Analysis.csproj
		SccProjectTopLevelParentUniqueName1 = IES2.sln
		SccLocalPath1 = .
		SccProjectFilePathRelativizedFromConnection1 = Analysis\\
		SccProjectUniqueName2 = IES.Analysis.BLL\\IES.Analysis.BLL.csproj
		SccProjectTopLevelParentUniqueName2 = IES2.sln
		SccLocalPath2 = .
		SccProjectFilePathRelativizedFromConnection2 = IES.Analysis.BLL\\
		SccProjectUniqueName3 = IES.AOP.G2S\\IES.AOP.G2S.csproj
		SccProjectTopLevelParentUniqueName3 = IES2.sln
		SccLocalPath3 = .
		SccProjectFilePathRelativizedFromConnection3 = IES.AOP.G2S\\
		SccProjectUniqueName4 = IES.Cache\\IES.Cache.csproj
		SccProjectTopLevelParentUniqueName4 = IES2.sln
		SccLocalPath4 = .
		SccProjectFilePathRelativizedFromConnection4 = IES.Cache\\
		SccProjectUniqueName5 = IES.CC.Model\\IES.CC.Model.csproj
		SccProjectTopLevelParentUniqueName5 = IES2.sln
		SccLocalPath5 = .
		SccProjectFilePathRelativizedFromConnection5 = IES.CC.Model\\
		SccProjectUniqueName6 = IES.Common\\IES.Common.csproj
		SccProjectTopLevelParentUniqueName6 = IES2.sln
		SccLocalPath6 = .
		SccProjectFilePathRelativizedFromConnection6 = IES.Common\\
		SccProjectUniqueName7 = IES.Config\\IES.Config.csproj
		SccProjectTopLevelParentUniqueName7 = IES2.sln
		SccLocalPath7 = .
		SccProjectFilePathRelativizedFromConnection7 = IES.Config\\
		SccProjectUniqueName8 = IES.DataBase\\IES.DataBase.csproj
		SccProjectTopLevelParentUniqueName8 = IES2.sln
		SccLocalPath8 = .
		SccProjectFilePathRelativizedFromConnection8 = IES.DataBase\\
		SccProjectUniqueName9 = IES.G2S.Resource.BLL\\IES.G2S.Resource.BLL.csproj
		SccProjectTopLevelParentUniqueName9 = IES2.sln
		SccLocalPath9 = .
		SccProjectFilePathRelativizedFromConnection9 = IES.G2S.Resource.BLL\\
		SccProjectUniqueName10 = IES.G2S.Resource.DAL\\IES.G2S.Resource.DAL.csproj
		SccProjectTopLevelParentUniqueName10 = IES2.sln
		SccLocalPath10 = .
		SccProjectFilePathRelativizedFromConnection10 = IES.G2S.Resource.DAL\\
		SccProjectUniqueName11 = IES.G2S.Resource.IBLL\\IES.G2S.Resource.IBLL.csproj
		SccProjectTopLevelParentUniqueName11 = IES2.sln
		SccLocalPath11 = .
		SccProjectFilePathRelativizedFromConnection11 = IES.G2S.Resource.IBLL\\
		SccProjectUniqueName12 = IES.JW.Model\\IES.JW.Model.csproj
		SccProjectTopLevelParentUniqueName12 = IES2.sln
		SccLocalPath12 = .
		SccProjectFilePathRelativizedFromConnection12 = IES.JW.Model\\
		SccProjectUniqueName13 = IES.Resource.Model\\IES.Resource.Model.csproj
		SccProjectTopLevelParentUniqueName13 = IES2.sln
		SccLocalPath13 = .
		SccProjectFilePathRelativizedFromConnection13 = IES.Resource.Model\\
		SccProjectUniqueName14 = IES.Security\\IES.Security.csproj
		SccProjectTopLevelParentUniqueName14 = IES2.sln
		SccLocalPath14 = .
		SccProjectFilePathRelativizedFromConnection14 = IES.Security\\
		SccProjectUniqueName15 = Portal\\Portal.csproj
		SccProjectTopLevelParentUniqueName15 = IES2.sln
		SccLocalPath15 = .
		SccProjectFilePathRelativizedFromConnection15 = Portal\\
		SccProjectUniqueName16 = Test\\Test.csproj
		SccProjectTopLevelParentUniqueName16 = IES2.sln
		SccLocalPath16 = .
		SccProjectFilePathRelativizedFromConnection16 = Test\\
		SccProjectUniqueName17 = IES.G2S.CourseLive.DAL\\IES.G2S.CourseLive.DAL.csproj
		SccProjectTopLevelParentUniqueName17 = IES2.sln
		SccLocalPath17 = .
		SccProjectFilePathRelativizedFromConnection17 = IES.G2S.CourseLive.DAL\\
		SccProjectUniqueName18 = IES.G2S.CoursLive.IBLL\\IES.G2S.CoursLive.IBLL.csproj
		SccProjectTopLevelParentUniqueName18 = IES2.sln
		SccLocalPath18 = .
		SccProjectFilePathRelativizedFromConnection18 = IES.G2S.CoursLive.IBLL\\
		SccProjectUniqueName19 = IES.G2S.CourseLive.BLL\\IES.G2S.CourseLive.BLL.csproj
		SccProjectTopLevelParentUniqueName19 = IES2.sln
		SccLocalPath19 = .
		SccProjectFilePathRelativizedFromConnection19 = IES.G2S.CourseLive.BLL\\
		SccProjectUniqueName20 = IES.G2S.OC.IBLL\\IES.G2S.OC.IBLL.csproj
		SccProjectTopLevelParentUniqueName20 = IES2.sln
		SccLocalPath20 = .
		SccProjectFilePathRelativizedFromConnection20 = IES.G2S.OC.IBLL\\
		SccProjectUniqueName21 = IES.G2S.OC.DAL\\IES.G2S.OC.DAL.csproj
		SccProjectTopLevelParentUniqueName21 = IES2.sln
		SccLocalPath21 = .
		SccProjectFilePathRelativizedFromConnection21 = IES.G2S.OC.DAL\\
		SccProjectUniqueName22 = IES.G2S.OC.BLL\\IES.G2S.OC.BLL.csproj
		SccProjectTopLevelParentUniqueName22 = IES2.sln
		SccLocalPath22 = .
		SccProjectFilePathRelativizedFromConnection22 = IES.G2S.OC.BLL\\
		SccProjectUniqueName23 = IES.G2S.JW.DAL\\IES.G2S.JW.DAL.csproj
		SccProjectTopLevelParentUniqueName23 = IES2.sln
		SccLocalPath23 = .
		SccProjectFilePathRelativizedFromConnection23 = IES.G2S.JW.DAL\\
		SccProjectUniqueName24 = IES.G2S.JW.IBLL\\IES.G2S.JW.IBLL.csproj
		SccProjectTopLevelParentUniqueName24 = IES2.sln
		SccLocalPath24 = .
		SccProjectFilePathRelativizedFromConnection24 = IES.G2S.JW.IBLL\\
		SccProjectUniqueName25 = IES.G2S.JW.BLL\\IES.G2S.JW.BLL.csproj
		SccProjectTopLevelParentUniqueName25 = IES2.sln
		SccLocalPath25 = .
		SccProjectFilePathRelativizedFromConnection25 = IES.G2S.JW.BLL\\
		SccProjectUniqueName26 = IES.CommonDAL\\IES.CommonDAL.csproj
		SccProjectTopLevelParentUniqueName26 = IES2.sln
		SccLocalPath26 = .
		SccProjectFilePathRelativizedFromConnection26 = IES.CommonDAL\\
		SccProjectUniqueName27 = G2S\\G2S.csproj
		SccProjectTopLevelParentUniqueName27 = IES2.sln
		SccLocalPath27 = .
		SccProjectFilePathRelativizedFromConnection27 = G2S\\
		SccProjectUniqueName28 = IES.Portal.Model\\IES.Portal.Model.csproj
		SccProjectTopLevelParentUniqueName28 = IES2.sln
		SccLocalPath28 = .
		SccProjectFilePathRelativizedFromConnection28 = IES.Portal.Model\\
		SccProjectUniqueName29 = IES.G2S.Portal.DAL\\IES.G2S.Portal.DAL.csproj
		SccProjectTopLevelParentUniqueName29 = IES2.sln
		SccLocalPath29 = .
		SccProjectFilePathRelativizedFromConnection29 = IES.G2S.Portal.DAL\\
		SccProjectUniqueName30 = IES.G2S.Portal.IBLL\\IES.G2S.Portal.IBLL.csproj
		SccProjectTopLevelParentUniqueName30 = IES2.sln
		SccLocalPath30 = .
		SccProjectFilePathRelativizedFromConnection30 = IES.G2S.Portal.IBLL\\
		SccProjectUniqueName31 = IES.G2S.Portal.BLL\\IES.G2S.Portal.BLL.csproj
		SccProjectTopLevelParentUniqueName31 = IES2.sln
		SccProjectName31 = \u0022$/IES2.root/IES2/IES.G2S.Portal.BLL\u0022,\u0020PNHAAAAA
		SccLocalPath31 = IES.G2S.Portal.BLL
		SccProjectUniqueName32 = IES.Service\\IES.Service.csproj
		SccProjectTopLevelParentUniqueName32 = IES2.sln
		SccLocalPath32 = .
		SccProjectFilePathRelativizedFromConnection32 = IES.Service\\
		SccProjectUniqueName33 = Admin\\Admin.csproj
		SccProjectTopLevelParentUniqueName33 = IES2.sln
		SccLocalPath33 = .
		SccProjectFilePathRelativizedFromConnection33 = Admin\\
		SccProjectUniqueName34 = FileReceiveService\\FileReceiveService.csproj
		SccProjectTopLevelParentUniqueName34 = IES2.sln
		SccLocalPath34 = .
		SccProjectFilePathRelativizedFromConnection34 = FileReceiveService\\
		SccProjectUniqueName35 = Resource\\Resource.csproj
		SccProjectTopLevelParentUniqueName35 = IES2.sln
		SccLocalPath35 = .
		SccProjectFilePathRelativizedFromConnection35 = Resource\\
	EndGlobalSection
	GlobalSection(SolutionConfigurationPlatforms) = preSolution
		Debug|Any CPU = Debug|Any CPU
		Release|Any CPU = Release|Any CPU
	EndGlobalSection
	GlobalSection(ProjectConfigurationPlatforms) = postSolution
		{7A302F72-5F5F-41AF-9C2A-5C27E03A47D4}.Debug|Any CPU.ActiveCfg = Debug|Any CPU
		{7A302F72-5F5F-41AF-9C2A-5C27E03A47D4}.Debug|Any CPU.Build.0 = Debug|Any CPU
		{7A302F72-5F5F-41AF-9C2A-5C27E03A47D4}.Release|Any CPU.ActiveCfg = Release|Any CPU
		{7A302F72-5F5F-41AF-9C2A-5C27E03A47D4}.Release|Any CPU.Build.0 = Release|Any CPU
		{DBB225C3-AD3B-469C-A8DF-CA8DFC4AE304}.Debug|Any CPU.ActiveCfg = Debug|Any CPU
		{DBB225C3-AD3B-469C-A8DF-CA8DFC4AE304}.Debug|Any CPU.Build.0 = Debug|Any CPU
		{DBB225C3-AD3B-469C-A8DF-CA8DFC4AE304}.Release|Any CPU.ActiveCfg = Release|Any CPU
		{DBB225C3-AD3B-469C-A8DF-CA8DFC4AE304}.Release|Any CPU.Build.0 = Release|Any CPU
		{BC42779F-9F4D-4599-ABC4-F46FA70C63A5}.Debug|Any CPU.ActiveCfg = Debug|Any CPU
		{BC42779F-9F4D-4599-ABC4-F46FA70C63A5}.Debug|Any CPU.Build.0 = Debug|Any CPU
		{BC42779F-9F4D-4599-ABC4-F46FA70C63A5}.Release|Any CPU.ActiveCfg = Release|Any CPU
		{BC42779F-9F4D-4599-ABC4-F46FA70C63A5}.Release|Any CPU.Build.0 = Release|Any CPU
		{C4DA068E-3DDA-43E1-845C-2C3F2F6E1D48}.Debug|Any CPU.ActiveCfg = Debug|Any CPU
		{C4DA068E-3DDA-43E1-845C-2C3F2F6E1D48}.Debug|Any CPU.Build.0 = Debug|Any CPU
		{C4DA068E-3DDA-43E1-845C-2C3F2F6E1D48}.Release|Any CPU.ActiveCfg = Release|Any CPU
		{C4DA068E-3DDA-43E1-845C-2C3F2F6E1D48}.Release|Any CPU.Build.0 = Release|Any CPU
		{C93539D1-C8A9-46EE-A2B9-ECF46B9DA47E}.Debug|Any CPU.ActiveCfg = Debug|Any CPU
		{C93539D1-C8A9-46EE-A2B9-ECF46B9DA47E}.Debug|Any CPU.Build.0 = Debug|Any CPU
		{C93539D1-C8A9-46EE-A2B9-ECF46B9DA47E}.Release|Any CPU.ActiveCfg = Release|Any CPU
		{C93539D1-C8A9-46EE-A2B9-ECF46B9DA47E}.Release|Any CPU.Build.0 = Release|Any CPU
		{7893D3DE-1517-443B-9C4A-191EC233A073}.Debug|Any CPU.ActiveCfg = Debug|Any CPU
		{7893D3DE-1517-443B-9C4A-191EC233A073}.Debug|Any CPU.Build.0 = Debug|Any CPU
		{7893D3DE-1517-443B-9C4A-191EC233A073}.Release|Any CPU.ActiveCfg = Release|Any CPU
		{7893D3DE-1517-443B-9C4A-191EC233A073}.Release|Any CPU.Build.0 = Release|Any CPU
		{EFD902FC-183D-452B-8FE8-727E777A0FAD}.Debug|Any CPU.ActiveCfg = Debug|Any CPU
		{EFD902FC-183D-452B-8FE8-727E777A0FAD}.Debug|Any CPU.Build.0 = Debug|Any CPU
		{EFD902FC-183D-452B-8FE8-727E777A0FAD}.Release|Any CPU.ActiveCfg = Release|Any CPU
		{EFD902FC-183D-452B-8FE8-727E777A0FAD}.Release|Any CPU.Build.0 = Release|Any CPU
		{D309418B-BFBF-4DDD-B1F5-7CCC9A6FDD8C}.Debug|Any CPU.ActiveCfg = Debug|Any CPU
		{D309418B-BFBF-4DDD-B1F5-7CCC9A6FDD8C}.Debug|Any CPU.Build.0 = Debug|Any CPU
		{D309418B-BFBF-4DDD-B1F5-7CCC9A6FDD8C}.Release|Any CPU.ActiveCfg = Release|Any CPU
		{D309418B-BFBF-4DDD-B1F5-7CCC9A6FDD8C}.Release|Any CPU.Build.0 = Release|Any CPU
		{679AB0DF-B08D-4999-836B-C722778C7A95}.Debug|Any CPU.ActiveCfg = Debug|Any CPU
		{679AB0DF-B08D-4999-836B-C722778C7A95}.Debug|Any CPU.Build.0 = Debug|Any CPU
		{679AB0DF-B08D-4999-836B-C722778C7A95}.Release|Any CPU.ActiveCfg = Release|Any CPU
		{679AB0DF-B08D-4999-836B-C722778C7A95}.Release|Any CPU.Build.0 = Release|Any CPU
		{97FFD6D3-8095-4592-98BD-BCCD4AF980D3}.Debug|Any CPU.ActiveCfg = Debug|Any CPU
		{97FFD6D3-8095-4592-98BD-BCCD4AF980D3}.Debug|Any CPU.Build.0 = Debug|Any CPU
		{97FFD6D3-8095-4592-98BD-BCCD4AF980D3}.Release|Any CPU.ActiveCfg = Release|Any CPU
		{97FFD6D3-8095-4592-98BD-BCCD4AF980D3}.Release|Any CPU.Build.0 = Release|Any CPU
		{F25A0351-95E7-48C6-A134-14F43F8F7678}.Debug|Any CPU.ActiveCfg = Debug|Any CPU
		{F25A0351-95E7-48C6-A134-14F43F8F7678}.Debug|Any CPU.Build.0 = Debug|Any CPU
		{F25A0351-95E7-48C6-A134-14F43F8F7678}.Release|Any CPU.ActiveCfg = Release|Any CPU
		{F25A0351-95E7-48C6-A134-14F43F8F7678}.Release|Any CPU.Build.0 = Release|Any CPU
		{FEB7E65D-BEC8-4CB9-9029-135F769DD3A1}.Debug|Any CPU.ActiveCfg = Debug|Any CPU
		{FEB7E65D-BEC8-4CB9-9029-135F769DD3A1}.Debug|Any CPU.Build.0 = Debug|Any CPU
		{FEB7E65D-BEC8-4CB9-9029-135F769DD3A1}.Release|Any CPU.ActiveCfg = Release|Any CPU
		{FEB7E65D-BEC8-4CB9-9029-135F769DD3A1}.Release|Any CPU.Build.0 = Release|Any CPU
		{C4205A08-B166-4A43-AE4F-B07E5AA782EF}.Debug|Any CPU.ActiveCfg = Debug|Any CPU
		{C4205A08-B166-4A43-AE4F-B07E5AA782EF}.Debug|Any CPU.Build.0 = Debug|Any CPU
		{C4205A08-B166-4A43-AE4F-B07E5AA782EF}.Release|Any CPU.ActiveCfg = Release|Any CPU
		{C4205A08-B166-4A43-AE4F-B07E5AA782EF}.Release|Any CPU.Build.0 = Release|Any CPU
		{972577F0-3061-4659-933C-B065185DAF80}.Debug|Any CPU.ActiveCfg = Debug|Any CPU
		{972577F0-3061-4659-933C-B065185DAF80}.Debug|Any CPU.Build.0 = Debug|Any CPU
		{972577F0-3061-4659-933C-B065185DAF80}.Release|Any CPU.ActiveCfg = Release|Any CPU
		{972577F0-3061-4659-933C-B065185DAF80}.Release|Any CPU.Build.0 = Release|Any CPU
		{5BBC1895-4B66-4445-AF6D-F6711CB3266F}.Debug|Any CPU.ActiveCfg = Debug|Any CPU
		{5BBC1895-4B66-4445-AF6D-F6711CB3266F}.Debug|Any CPU.Build.0 = Debug|Any CPU
		{5BBC1895-4B66-4445-AF6D-F6711CB3266F}.Release|Any CPU.ActiveCfg = Release|Any CPU
		{5BBC1895-4B66-4445-AF6D-F6711CB3266F}.Release|Any CPU.Build.0 = Release|Any CPU
		{93A1E0E7-A049-4EA7-B349-845A81462D42}.Debug|Any CPU.ActiveCfg = Debug|Any CPU
		{93A1E0E7-A049-4EA7-B349-845A81462D42}.Debug|Any CPU.Build.0 = Debug|Any CPU
		{93A1E0E7-A049-4EA7-B349-845A81462D42}.Release|Any CPU.ActiveCfg = Release|Any CPU
		{93A1E0E7-A049-4EA7-B349-845A81462D42}.Release|Any CPU.Build.0 = Release|Any CPU
		{051F569B-8891-4DA7-BBB9-61D2E404B124}.Debug|Any CPU.ActiveCfg = Debug|Any CPU
		{051F569B-8891-4DA7-BBB9-61D2E404B124}.Debug|Any CPU.Build.0 = Debug|Any CPU
		{051F569B-8891-4DA7-BBB9-61D2E404B124}.Release|Any CPU.ActiveCfg = Release|Any CPU
		{051F569B-8891-4DA7-BBB9-61D2E404B124}.Release|Any CPU.Build.0 = Release|Any CPU
		{F8E33182-C952-4E25-9548-ADCC088A67D9}.Debug|Any CPU.ActiveCfg = Debug|Any CPU
		{F8E33182-C952-4E25-9548-ADCC088A67D9}.Debug|Any CPU.Build.0 = Debug|Any CPU
		{F8E33182-C952-4E25-9548-ADCC088A67D9}.Release|Any CPU.ActiveCfg = Release|Any CPU
		{F8E33182-C952-4E25-9548-ADCC088A67D9}.Release|Any CPU.Build.0 = Release|Any CPU
		{353179D4-AF57-4B5B-B097-BAB9E4891043}.Debug|Any CPU.ActiveCfg = Debug|Any CPU
		{353179D4-AF57-4B5B-B097-BAB9E4891043}.Debug|Any CPU.Build.0 = Debug|Any CPU
		{353179D4-AF57-4B5B-B097-BAB9E4891043}.Release|Any CPU.ActiveCfg = Release|Any CPU
		{353179D4-AF57-4B5B-B097-BAB9E4891043}.Release|Any CPU.Build.0 = Release|Any CPU
		{AF09FA22-37A6-4659-A574-2E575EE8341D}.Debug|Any CPU.ActiveCfg = Debug|Any CPU
		{AF09FA22-37A6-4659-A574-2E575EE8341D}.Debug|Any CPU.Build.0 = Debug|Any CPU
		{AF09FA22-37A6-4659-A574-2E575EE8341D}.Release|Any CPU.ActiveCfg = Release|Any CPU
		{AF09FA22-37A6-4659-A574-2E575EE8341D}.Release|Any CPU.Build.0 = Release|Any CPU
		{C4A37EA7-8EB9-4320-84F7-687F184CE520}.Debug|Any CPU.ActiveCfg = Debug|Any CPU
		{C4A37EA7-8EB9-4320-84F7-687F184CE520}.Debug|Any CPU.Build.0 = Debug|Any CPU
		{C4A37EA7-8EB9-4320-84F7-687F184CE520}.Release|Any CPU.ActiveCfg = Release|Any CPU
		{C4A37EA7-8EB9-4320-84F7-687F184CE520}.Release|Any CPU.Build.0 = Release|Any CPU
		{4704F48B-4FA4-4433-A36D-2CC96663F1A0}.Debug|Any CPU.ActiveCfg = Debug|Any CPU
		{4704F48B-4FA4-4433-A36D-2CC96663F1A0}.Debug|Any CPU.Build.0 = Debug|Any CPU
		{4704F48B-4FA4-4433-A36D-2CC96663F1A0}.Release|Any CPU.ActiveCfg = Release|Any CPU
		{4704F48B-4FA4-4433-A36D-2CC96663F1A0}.Release|Any CPU.Build.0 = Release|Any CPU
		{EDA74AD7-B4D0-4C50-BAB4-F8B5A7FCC34A}.Debug|Any CPU.ActiveCfg = Debug|Any CPU
		{EDA74AD7-B4D0-4C50-BAB4-F8B5A7FCC34A}.Debug|Any CPU.Build.0 = Debug|Any CPU
		{EDA74AD7-B4D0-4C50-BAB4-F8B5A7FCC34A}.Release|Any CPU.ActiveCfg = Release|Any CPU
		{EDA74AD7-B4D0-4C50-BAB4-F8B5A7FCC34A}.Release|Any CPU.Build.0 = Release|Any CPU
		{0BD3295F-6AD6-4EC7-ADDD-77E061786181}.Debug|Any CPU.ActiveCfg = Debug|Any CPU
		{0BD3295F-6AD6-4EC7-ADDD-77E061786181}.Debug|Any CPU.Build.0 = Debug|Any CPU
		{0BD3295F-6AD6-4EC7-ADDD-77E061786181}.Release|Any CPU.ActiveCfg = Release|Any CPU
		{0BD3295F-6AD6-4EC7-ADDD-77E061786181}.Release|Any CPU.Build.0 = Release|Any CPU
		{CAC6BC0B-B6EF-4FB6-A249-DD29D18AA657}.Debug|Any CPU.ActiveCfg = Debug|Any CPU
		{CAC6BC0B-B6EF-4FB6-A249-DD29D18AA657}.Debug|Any CPU.Build.0 = Debug|Any CPU
		{CAC6BC0B-B6EF-4FB6-A249-DD29D18AA657}.Release|Any CPU.ActiveCfg = Release|Any CPU
		{CAC6BC0B-B6EF-4FB6-A249-DD29D18AA657}.Release|Any CPU.Build.0 = Release|Any CPU
		{08C92FC8-F22F-4237-91A1-D191BABF91A9}.Debug|Any CPU.ActiveCfg = Debug|Any CPU
		{08C92FC8-F22F-4237-91A1-D191BABF91A9}.Debug|Any CPU.Build.0 = Debug|Any CPU
		{08C92FC8-F22F-4237-91A1-D191BABF91A9}.Release|Any CPU.ActiveCfg = Release|Any CPU
		{08C92FC8-F22F-4237-91A1-D191BABF91A9}.Release|Any CPU.Build.0 = Release|Any CPU
		{09806F9B-2C02-4ABF-8E1B-82F5D2E2EF62}.Debug|Any CPU.ActiveCfg = Debug|Any CPU
		{09806F9B-2C02-4ABF-8E1B-82F5D2E2EF62}.Debug|Any CPU.Build.0 = Debug|Any CPU
		{09806F9B-2C02-4ABF-8E1B-82F5D2E2EF62}.Release|Any CPU.ActiveCfg = Release|Any CPU
		{09806F9B-2C02-4ABF-8E1B-82F5D2E2EF62}.Release|Any CPU.Build.0 = Release|Any CPU
		{FE20D931-FA50-461B-81C9-59D7171863CB}.Debug|Any CPU.ActiveCfg = Debug|Any CPU
		{FE20D931-FA50-461B-81C9-59D7171863CB}.Debug|Any CPU.Build.0 = Debug|Any CPU
		{FE20D931-FA50-461B-81C9-59D7171863CB}.Release|Any CPU.ActiveCfg = Release|Any CPU
		{FE20D931-FA50-461B-81C9-59D7171863CB}.Release|Any CPU.Build.0 = Release|Any CPU
		{86C14E11-3306-49F8-B3D6-06A7FE833517}.Debug|Any CPU.ActiveCfg = Debug|Any CPU
		{86C14E11-3306-49F8-B3D6-06A7FE833517}.Debug|Any CPU.Build.0 = Debug|Any CPU
		{86C14E11-3306-49F8-B3D6-06A7FE833517}.Release|Any CPU.ActiveCfg = Release|Any CPU
		{86C14E11-3306-49F8-B3D6-06A7FE833517}.Release|Any CPU.Build.0 = Release|Any CPU
		{311A78B5-92FF-4B16-8B68-84F332152A38}.Debug|Any CPU.ActiveCfg = Debug|Any CPU
		{311A78B5-92FF-4B16-8B68-84F332152A38}.Debug|Any CPU.Build.0 = Debug|Any CPU
		{311A78B5-92FF-4B16-8B68-84F332152A38}.Release|Any CPU.ActiveCfg = Release|Any CPU
		{311A78B5-92FF-4B16-8B68-84F332152A38}.Release|Any CPU.Build.0 = Release|Any CPU
		{B40A5886-A6B1-4410-B593-ABC00169E7CB}.Debug|Any CPU.ActiveCfg = Debug|Any CPU
		{B40A5886-A6B1-4410-B593-ABC00169E7CB}.Debug|Any CPU.Build.0 = Debug|Any CPU
		{B40A5886-A6B1-4410-B593-ABC00169E7CB}.Release|Any CPU.ActiveCfg = Release|Any CPU
		{B40A5886-A6B1-4410-B593-ABC00169E7CB}.Release|Any CPU.Build.0 = Release|Any CPU
		{3A3C9B64-1CD3-4ECA-9DBD-CE5B4F3F833E}.Debug|Any CPU.ActiveCfg = Debug|Any CPU
		{3A3C9B64-1CD3-4ECA-9DBD-CE5B4F3F833E}.Debug|Any CPU.Build.0 = Debug|Any CPU
		{3A3C9B64-1CD3-4ECA-9DBD-CE5B4F3F833E}.Release|Any CPU.ActiveCfg = Release|Any CPU
		{3A3C9B64-1CD3-4ECA-9DBD-CE5B4F3F833E}.Release|Any CPU.Build.0 = Release|Any CPU
		{F8D9036E-A575-44C4-A50D-CC89E9CC813A}.Debug|Any CPU.ActiveCfg = Debug|Any CPU
		{F8D9036E-A575-44C4-A50D-CC89E9CC813A}.Debug|Any CPU.Build.0 = Debug|Any CPU
		{F8D9036E-A575-44C4-A50D-CC89E9CC813A}.Release|Any CPU.ActiveCfg = Release|Any CPU
		{F8D9036E-A575-44C4-A50D-CC89E9CC813A}.Release|Any CPU.Build.0 = Release|Any CPU
		{B9B570EF-CB52-418A-9404-F5B372180379}.Debug|Any CPU.ActiveCfg = Debug|Any CPU
		{B9B570EF-CB52-418A-9404-F5B372180379}.Debug|Any CPU.Build.0 = Debug|Any CPU
		{B9B570EF-CB52-418A-9404-F5B372180379}.Release|Any CPU.ActiveCfg = Release|Any CPU
		{B9B570EF-CB52-418A-9404-F5B372180379}.Release|Any CPU.Build.0 = Release|Any CPU
		{8274499F-0EE1-403C-B830-7AB8EC4E5B55}.Debug|Any CPU.ActiveCfg = Debug|Any CPU
		{8274499F-0EE1-403C-B830-7AB8EC4E5B55}.Debug|Any CPU.Build.0 = Debug|Any CPU
		{8274499F-0EE1-403C-B830-7AB8EC4E5B55}.Release|Any CPU.ActiveCfg = Release|Any CPU
		{8274499F-0EE1-403C-B830-7AB8EC4E5B55}.Release|Any CPU.Build.0 = Release|Any CPU
	EndGlobalSection
	GlobalSection(SolutionProperties) = preSolution
		HideSolutionNode = FALSE
	EndGlobalSection
	GlobalSection(NestedProjects) = preSolution
		{7893D3DE-1517-443B-9C4A-191EC233A073} = {9227CC8D-3BAF-4777-8D04-336414C78EC9}
		{EFD902FC-183D-452B-8FE8-727E777A0FAD} = {9227CC8D-3BAF-4777-8D04-336414C78EC9}
		{F8E33182-C952-4E25-9548-ADCC088A67D9} = {9227CC8D-3BAF-4777-8D04-336414C78EC9}
		{C4A37EA7-8EB9-4320-84F7-687F184CE520} = {9227CC8D-3BAF-4777-8D04-336414C78EC9}
		{0BD3295F-6AD6-4EC7-ADDD-77E061786181} = {9227CC8D-3BAF-4777-8D04-336414C78EC9}
		{B40A5886-A6B1-4410-B593-ABC00169E7CB} = {9227CC8D-3BAF-4777-8D04-336414C78EC9}
		{97FFD6D3-8095-4592-98BD-BCCD4AF980D3} = {37B817E6-B2FF-40A0-93D7-B8CC93562EDB}
		{051F569B-8891-4DA7-BBB9-61D2E404B124} = {37B817E6-B2FF-40A0-93D7-B8CC93562EDB}
		{AF09FA22-37A6-4659-A574-2E575EE8341D} = {37B817E6-B2FF-40A0-93D7-B8CC93562EDB}
		{CAC6BC0B-B6EF-4FB6-A249-DD29D18AA657} = {37B817E6-B2FF-40A0-93D7-B8CC93562EDB}
		{08C92FC8-F22F-4237-91A1-D191BABF91A9} = {37B817E6-B2FF-40A0-93D7-B8CC93562EDB}
		{86C14E11-3306-49F8-B3D6-06A7FE833517} = {37B817E6-B2FF-40A0-93D7-B8CC93562EDB}
		{7A302F72-5F5F-41AF-9C2A-5C27E03A47D4} = {FE27F092-53D7-4A5D-B230-F2D50C63B095}
		{DBB225C3-AD3B-469C-A8DF-CA8DFC4AE304} = {FE27F092-53D7-4A5D-B230-F2D50C63B095}
		{BC42779F-9F4D-4599-ABC4-F46FA70C63A5} = {FE27F092-53D7-4A5D-B230-F2D50C63B095}
		{C4DA068E-3DDA-43E1-845C-2C3F2F6E1D48} = {FE27F092-53D7-4A5D-B230-F2D50C63B095}
		{C93539D1-C8A9-46EE-A2B9-ECF46B9DA47E} = {FE27F092-53D7-4A5D-B230-F2D50C63B095}
		{3A3C9B64-1CD3-4ECA-9DBD-CE5B4F3F833E} = {17B59478-4B1F-4F59-B092-EAE5D650A1F0}
		{B9B570EF-CB52-418A-9404-F5B372180379} = {17B59478-4B1F-4F59-B092-EAE5D650A1F0}
		{D309418B-BFBF-4DDD-B1F5-7CCC9A6FDD8C} = {79EFD256-4F2C-43C7-97E2-3431E59BB0D6}
		{679AB0DF-B08D-4999-836B-C722778C7A95} = {79EFD256-4F2C-43C7-97E2-3431E59BB0D6}
		{F25A0351-95E7-48C6-A134-14F43F8F7678} = {79EFD256-4F2C-43C7-97E2-3431E59BB0D6}
		{09806F9B-2C02-4ABF-8E1B-82F5D2E2EF62} = {79EFD256-4F2C-43C7-97E2-3431E59BB0D6}
		{F8D9036E-A575-44C4-A50D-CC89E9CC813A} = {79EFD256-4F2C-43C7-97E2-3431E59BB0D6}
		{8274499F-0EE1-403C-B830-7AB8EC4E5B55} = {79EFD256-4F2C-43C7-97E2-3431E59BB0D6}
		{FEB7E65D-BEC8-4CB9-9029-135F769DD3A1} = {E243B72B-1B22-4DE9-B591-8BBF610138CA}
		{5BBC1895-4B66-4445-AF6D-F6711CB3266F} = {E243B72B-1B22-4DE9-B591-8BBF610138CA}
		{93A1E0E7-A049-4EA7-B349-845A81462D42} = {E243B72B-1B22-4DE9-B591-8BBF610138CA}
		{FE20D931-FA50-461B-81C9-59D7171863CB} = {E243B72B-1B22-4DE9-B591-8BBF610138CA}
		{C4205A08-B166-4A43-AE4F-B07E5AA782EF} = {3A1D563A-EA25-408C-ADE6-AF3723A1EDB5}
		{972577F0-3061-4659-933C-B065185DAF80} = {79543B80-0F3A-4F2E-845A-E730EA51EAAC}
		{353179D4-AF57-4B5B-B097-BAB9E4891043} = {79543B80-0F3A-4F2E-845A-E730EA51EAAC}
		{4704F48B-4FA4-4433-A36D-2CC96663F1A0} = {79543B80-0F3A-4F2E-845A-E730EA51EAAC}
		{EDA74AD7-B4D0-4C50-BAB4-F8B5A7FCC34A} = {79543B80-0F3A-4F2E-845A-E730EA51EAAC}
		{311A78B5-92FF-4B16-8B68-84F332152A38} = {79543B80-0F3A-4F2E-845A-E730EA51EAAC}
	EndGlobalSection
EndGlobal
