
Microsoft Visual Studio Solution File, Format Version 12.00
# Visual Studio 2013
VisualStudioVersion = 12.0.30110.0
MinimumVisualStudioVersion = 10.0.40219.1
Project("{2150E333-8FDC-42A3-9474-1A3956D46DE8}") = "BLL", "BLL", "{9227CC8D-3BAF-4777-8D04-336414C78EC9}"
EndProject
Project("{2150E333-8FDC-42A3-9474-1A3956D46DE8}") = "DAL", "DAL", "{37B817E6-B2FF-40A0-93D7-B8CC93562EDB}"
EndProject
Project("{2150E333-8FDC-42A3-9474-1A3956D46DE8}") = "FD", "FD", "{FE27F092-53D7-4A5D-B230-F2D50C63B095}"
EndProject
Project("{2150E333-8FDC-42A3-9474-1A3956D46DE8}") = "Service", "Service", "{17B59478-4B1F-4F59-B092-EAE5D650A1F0}"
EndProject
Project("{2150E333-8FDC-42A3-9474-1A3956D46DE8}") = "Web", "Web", "{79EFD256-4F2C-43C7-97E2-3431E59BB0D6}"
EndProject
Project("{FAE04EC0-301F-11D3-BF4B-00C04F79EFBC}") = "IES.Cache", "IES.Cache\IES.Cache.csproj", "{7A302F72-5F5F-41AF-9C2A-5C27E03A47D4}"
EndProject
Project("{FAE04EC0-301F-11D3-BF4B-00C04F79EFBC}") = "IES.Common", "IES.Common\IES.Common.csproj", "{DBB225C3-AD3B-469C-A8DF-CA8DFC4AE304}"
EndProject
Project("{FAE04EC0-301F-11D3-BF4B-00C04F79EFBC}") = "IES.Config", "IES.Config\IES.Config.csproj", "{BC42779F-9F4D-4599-ABC4-F46FA70C63A5}"
EndProject
Project("{FAE04EC0-301F-11D3-BF4B-00C04F79EFBC}") = "IES.DataBase", "IES.DataBase\IES.DataBase.csproj", "{C4DA068E-3DDA-43E1-845C-2C3F2F6E1D48}"
EndProject
Project("{FAE04EC0-301F-11D3-BF4B-00C04F79EFBC}") = "IES.Security", "IES.Security\IES.Security.csproj", "{C93539D1-C8A9-46EE-A2B9-ECF46B9DA47E}"
EndProject
Project("{FAE04EC0-301F-11D3-BF4B-00C04F79EFBC}") = "IES.Audit", "IES.Audit\IES.Audit.csproj", "{D97FBACC-0D6D-40BE-8EE3-5142B792393B}"
EndProject
Project("{FAE04EC0-301F-11D3-BF4B-00C04F79EFBC}") = "IES.G2S.Resource.BLL", "IES.G2S.Resource.BLL\IES.G2S.Resource.BLL.csproj", "{7893D3DE-1517-443B-9C4A-191EC233A073}"
EndProject
Project("{FAE04EC0-301F-11D3-BF4B-00C04F79EFBC}") = "IES.G2S.Space.BLL", "IES.G2S.Space.BLL\IES.G2S.Space.BLL.csproj", "{F8BD8B5E-BC5D-40EB-8327-0B6E3B14887D}"
EndProject
Project("{FAE04EC0-301F-11D3-BF4B-00C04F79EFBC}") = "IES.Analysis.BLL", "IES.Analysis.BLL\IES.Analysis.BLL.csproj", "{EFD902FC-183D-452B-8FE8-727E777A0FAD}"
EndProject
Project("{FAE04EC0-301F-11D3-BF4B-00C04F79EFBC}") = "IES.G2S.Portal.BLL", "IES.G2S.Portal.BLL\IES.G2S.Portal.BLL.csproj", "{431EA610-662F-4B4B-926D-8ED6B0638D01}"
EndProject
Project("{FAE04EC0-301F-11D3-BF4B-00C04F79EFBC}") = "G2S", "G2S\G2S.csproj", "{5638E5CF-06F5-4269-BEED-8E074A60C559}"
EndProject
Project("{FAE04EC0-301F-11D3-BF4B-00C04F79EFBC}") = "Portal", "Portal\Portal.csproj", "{D309418B-BFBF-4DDD-B1F5-7CCC9A6FDD8C}"
EndProject
Project("{FAE04EC0-301F-11D3-BF4B-00C04F79EFBC}") = "Analysis", "Analysis\Analysis.csproj", "{679AB0DF-B08D-4999-836B-C722778C7A95}"
EndProject
Project("{FAE04EC0-301F-11D3-BF4B-00C04F79EFBC}") = "Admin", "Admin\Admin.csproj", "{287BF7F0-D7E7-4FD0-B115-23529C995441}"
EndProject
Project("{2150E333-8FDC-42A3-9474-1A3956D46DE8}") = "Model", "Model", "{E243B72B-1B22-4DE9-B591-8BBF610138CA}"
EndProject
Project("{FAE04EC0-301F-11D3-BF4B-00C04F79EFBC}") = "IES.G2S.Resource.DAL", "IES.G2S.Resource.DAL\IES.G2S.Resource.DAL.csproj", "{97FFD6D3-8095-4592-98BD-BCCD4AF980D3}"
EndProject
Project("{FAE04EC0-301F-11D3-BF4B-00C04F79EFBC}") = "Test", "Test\Test.csproj", "{F25A0351-95E7-48C6-A134-14F43F8F7678}"
EndProject
Project("{FAE04EC0-301F-11D3-BF4B-00C04F79EFBC}") = "IES.Resource.Model", "IES.Resource.Model\IES.Resource.Model.csproj", "{FEB7E65D-BEC8-4CB9-9029-135F769DD3A1}"
EndProject
Project("{2150E333-8FDC-42A3-9474-1A3956D46DE8}") = "AOP", "AOP", "{3A1D563A-EA25-408C-ADE6-AF3723A1EDB5}"
EndProject
Project("{FAE04EC0-301F-11D3-BF4B-00C04F79EFBC}") = "IES.AOP.G2S", "IES.AOP.G2S\IES.AOP.G2S.csproj", "{C4205A08-B166-4A43-AE4F-B07E5AA782EF}"
EndProject
Project("{2150E333-8FDC-42A3-9474-1A3956D46DE8}") = "IBLL", "IBLL", "{79543B80-0F3A-4F2E-845A-E730EA51EAAC}"
EndProject
Project("{FAE04EC0-301F-11D3-BF4B-00C04F79EFBC}") = "IES.G2S.Resource.IBLL", "IES.G2S.Resource.IBLL\IES.G2S.Resource.IBLL.csproj", "{972577F0-3061-4659-933C-B065185DAF80}"
EndProject
Project("{FAE04EC0-301F-11D3-BF4B-00C04F79EFBC}") = "IES.JW.Model", "IES.JW.Model\IES.JW.Model.csproj", "{5BBC1895-4B66-4445-AF6D-F6711CB3266F}"
EndProject
Project("{FAE04EC0-301F-11D3-BF4B-00C04F79EFBC}") = "IES.CC.Model", "IES.CC.Model\IES.CC.Model.csproj", "{93A1E0E7-A049-4EA7-B349-845A81462D42}"
EndProject
Project("{FAE04EC0-301F-11D3-BF4B-00C04F79EFBC}") = "IES.SYS.Model", "IES.SYS.Model\IES.SYS.Model.csproj", "{CA2B5379-05A2-44AB-BB4F-C49FD02677D0}"
EndProject
Project("{FAE04EC0-301F-11D3-BF4B-00C04F79EFBC}") = "IES.Common.Data", "IES.Common.Data\IES.Common.Data.csproj", "{8F3FC7C7-5384-481E-A3C5-084504F8EED8}"
EndProject
Project("{FAE04EC0-301F-11D3-BF4B-00C04F79EFBC}") = "IES.G2S.CourseLive.DAL", "IES.G2S.CourseLive.DAL\IES.G2S.CourseLive.DAL.csproj", "{051F569B-8891-4DA7-BBB9-61D2E404B124}"
EndProject
Project("{FAE04EC0-301F-11D3-BF4B-00C04F79EFBC}") = "IES.G2S.CourseLive.BLL", "IES.G2S.CourseLive.BLL\IES.G2S.CourseLive.BLL.csproj", "{F8E33182-C952-4E25-9548-ADCC088A67D9}"
EndProject
Project("{FAE04EC0-301F-11D3-BF4B-00C04F79EFBC}") = "IES.G2S.CoursLive.IBLL", "IES.G2S.CoursLive.IBLL\IES.G2S.CoursLive.IBLL.csproj", "{353179D4-AF57-4B5B-B097-BAB9E4891043}"
EndProject
Project("{FAE04EC0-301F-11D3-BF4B-00C04F79EFBC}") = "IES.G2S.OC.DAL", "IES.G2S.OC.DAL\IES.G2S.OC.DAL.csproj", "{AF09FA22-37A6-4659-A574-2E575EE8341D}"
EndProject
Project("{FAE04EC0-301F-11D3-BF4B-00C04F79EFBC}") = "IES.G2S.OC.BLL", "IES.G2S.OC.BLL\IES.G2S.OC.BLL.csproj", "{C4A37EA7-8EB9-4320-84F7-687F184CE520}"
EndProject
Project("{FAE04EC0-301F-11D3-BF4B-00C04F79EFBC}") = "IES.G2S.OC.IBLL", "IES.G2S.OC.IBLL\IES.G2S.OC.IBLL.csproj", "{4704F48B-4FA4-4433-A36D-2CC96663F1A0}"
EndProject
Project("{FAE04EC0-301F-11D3-BF4B-00C04F79EFBC}") = "IES.G2S.JW.IBLL", "IES.G2S.JW.IBLL\IES.G2S.JW.IBLL.csproj", "{EDA74AD7-B4D0-4C50-BAB4-F8B5A7FCC34A}"
EndProject
Project("{FAE04EC0-301F-11D3-BF4B-00C04F79EFBC}") = "IES.G2S.JW.BLL", "IES.G2S.JW.BLL\IES.G2S.JW.BLL.csproj", "{0BD3295F-6AD6-4EC7-ADDD-77E061786181}"
EndProject
Project("{FAE04EC0-301F-11D3-BF4B-00C04F79EFBC}") = "IES.G2S.JW.DAL", "IES.G2S.JW.DAL\IES.G2S.JW.DAL.csproj", "{CAC6BC0B-B6EF-4FB6-A249-DD29D18AA657}"
EndProject
Project("{FAE04EC0-301F-11D3-BF4B-00C04F79EFBC}") = "IES.Store.Service", "IES.Store.Service\IES.Store.Service.csproj", "{AB5A5A37-F831-4081-B756-20D7AF7E1553}"
EndProject
Project("{FAE04EC0-301F-11D3-BF4B-00C04F79EFBC}") = "IES.G2S.SYS.DAL", "IES.G2S.SYS.DAL\IES.G2S.SYS.DAL.csproj", "{99ED2FC9-2D3B-499F-9FD4-DF04054B85EA}"
EndProject
Project("{FAE04EC0-301F-11D3-BF4B-00C04F79EFBC}") = "IES.G2S.SYS.BLL", "IES.G2S.SYS.BLL\IES.G2S.SYS.BLL.csproj", "{F51FEA70-1BFA-43CD-88C8-235D9B3F644F}"
EndProject
Project("{FAE04EC0-301F-11D3-BF4B-00C04F79EFBC}") = "Resource", "Resource\Resource.csproj", "{C13837F7-41A3-4824-AC07-69DD1DAC3C3D}"
EndProject
Global
	GlobalSection(SolutionConfigurationPlatforms) = preSolution
		Debug|Any CPU = Debug|Any CPU
		Release|Any CPU = Release|Any CPU
	EndGlobalSection
	GlobalSection(ProjectConfigurationPlatforms) = postSolution
		{7A302F72-5F5F-41AF-9C2A-5C27E03A47D4}.Debug|Any CPU.ActiveCfg = Debug|Any CPU
		{7A302F72-5F5F-41AF-9C2A-5C27E03A47D4}.Debug|Any CPU.Build.0 = Debug|Any CPU
		{7A302F72-5F5F-41AF-9C2A-5C27E03A47D4}.Release|Any CPU.ActiveCfg = Release|Any CPU
		{7A302F72-5F5F-41AF-9C2A-5C27E03A47D4}.Release|Any CPU.Build.0 = Release|Any CPU
		{DBB225C3-AD3B-469C-A8DF-CA8DFC4AE304}.Debug|Any CPU.ActiveCfg = Debug|Any CPU
		{DBB225C3-AD3B-469C-A8DF-CA8DFC4AE304}.Debug|Any CPU.Build.0 = Debug|Any CPU
		{DBB225C3-AD3B-469C-A8DF-CA8DFC4AE304}.Release|Any CPU.ActiveCfg = Release|Any CPU
		{DBB225C3-AD3B-469C-A8DF-CA8DFC4AE304}.Release|Any CPU.Build.0 = Release|Any CPU
		{BC42779F-9F4D-4599-ABC4-F46FA70C63A5}.Debug|Any CPU.ActiveCfg = Debug|Any CPU
		{BC42779F-9F4D-4599-ABC4-F46FA70C63A5}.Debug|Any CPU.Build.0 = Debug|Any CPU
		{BC42779F-9F4D-4599-ABC4-F46FA70C63A5}.Release|Any CPU.ActiveCfg = Release|Any CPU
		{BC42779F-9F4D-4599-ABC4-F46FA70C63A5}.Release|Any CPU.Build.0 = Release|Any CPU
		{C4DA068E-3DDA-43E1-845C-2C3F2F6E1D48}.Debug|Any CPU.ActiveCfg = Debug|Any CPU
		{C4DA068E-3DDA-43E1-845C-2C3F2F6E1D48}.Debug|Any CPU.Build.0 = Debug|Any CPU
		{C4DA068E-3DDA-43E1-845C-2C3F2F6E1D48}.Release|Any CPU.ActiveCfg = Release|Any CPU
		{C4DA068E-3DDA-43E1-845C-2C3F2F6E1D48}.Release|Any CPU.Build.0 = Release|Any CPU
		{C93539D1-C8A9-46EE-A2B9-ECF46B9DA47E}.Debug|Any CPU.ActiveCfg = Debug|Any CPU
		{C93539D1-C8A9-46EE-A2B9-ECF46B9DA47E}.Debug|Any CPU.Build.0 = Debug|Any CPU
		{C93539D1-C8A9-46EE-A2B9-ECF46B9DA47E}.Release|Any CPU.ActiveCfg = Release|Any CPU
		{C93539D1-C8A9-46EE-A2B9-ECF46B9DA47E}.Release|Any CPU.Build.0 = Release|Any CPU
		{D97FBACC-0D6D-40BE-8EE3-5142B792393B}.Debug|Any CPU.ActiveCfg = Debug|Any CPU
		{D97FBACC-0D6D-40BE-8EE3-5142B792393B}.Debug|Any CPU.Build.0 = Debug|Any CPU
		{D97FBACC-0D6D-40BE-8EE3-5142B792393B}.Release|Any CPU.ActiveCfg = Release|Any CPU
		{D97FBACC-0D6D-40BE-8EE3-5142B792393B}.Release|Any CPU.Build.0 = Release|Any CPU
		{7893D3DE-1517-443B-9C4A-191EC233A073}.Debug|Any CPU.ActiveCfg = Debug|Any CPU
		{7893D3DE-1517-443B-9C4A-191EC233A073}.Debug|Any CPU.Build.0 = Debug|Any CPU
		{7893D3DE-1517-443B-9C4A-191EC233A073}.Release|Any CPU.ActiveCfg = Release|Any CPU
		{7893D3DE-1517-443B-9C4A-191EC233A073}.Release|Any CPU.Build.0 = Release|Any CPU
		{F8BD8B5E-BC5D-40EB-8327-0B6E3B14887D}.Debug|Any CPU.ActiveCfg = Debug|Any CPU
		{F8BD8B5E-BC5D-40EB-8327-0B6E3B14887D}.Debug|Any CPU.Build.0 = Debug|Any CPU
		{F8BD8B5E-BC5D-40EB-8327-0B6E3B14887D}.Release|Any CPU.ActiveCfg = Release|Any CPU
		{F8BD8B5E-BC5D-40EB-8327-0B6E3B14887D}.Release|Any CPU.Build.0 = Release|Any CPU
		{EFD902FC-183D-452B-8FE8-727E777A0FAD}.Debug|Any CPU.ActiveCfg = Debug|Any CPU
		{EFD902FC-183D-452B-8FE8-727E777A0FAD}.Debug|Any CPU.Build.0 = Debug|Any CPU
		{EFD902FC-183D-452B-8FE8-727E777A0FAD}.Release|Any CPU.ActiveCfg = Release|Any CPU
		{EFD902FC-183D-452B-8FE8-727E777A0FAD}.Release|Any CPU.Build.0 = Release|Any CPU
		{431EA610-662F-4B4B-926D-8ED6B0638D01}.Debug|Any CPU.ActiveCfg = Debug|Any CPU
		{431EA610-662F-4B4B-926D-8ED6B0638D01}.Debug|Any CPU.Build.0 = Debug|Any CPU
		{431EA610-662F-4B4B-926D-8ED6B0638D01}.Release|Any CPU.ActiveCfg = Release|Any CPU
		{431EA610-662F-4B4B-926D-8ED6B0638D01}.Release|Any CPU.Build.0 = Release|Any CPU
		{5638E5CF-06F5-4269-BEED-8E074A60C559}.Debug|Any CPU.ActiveCfg = Debug|Any CPU
		{5638E5CF-06F5-4269-BEED-8E074A60C559}.Debug|Any CPU.Build.0 = Debug|Any CPU
		{5638E5CF-06F5-4269-BEED-8E074A60C559}.Release|Any CPU.ActiveCfg = Release|Any CPU
		{5638E5CF-06F5-4269-BEED-8E074A60C559}.Release|Any CPU.Build.0 = Release|Any CPU
		{D309418B-BFBF-4DDD-B1F5-7CCC9A6FDD8C}.Debug|Any CPU.ActiveCfg = Debug|Any CPU
		{D309418B-BFBF-4DDD-B1F5-7CCC9A6FDD8C}.Debug|Any CPU.Build.0 = Debug|Any CPU
		{D309418B-BFBF-4DDD-B1F5-7CCC9A6FDD8C}.Release|Any CPU.ActiveCfg = Release|Any CPU
		{D309418B-BFBF-4DDD-B1F5-7CCC9A6FDD8C}.Release|Any CPU.Build.0 = Release|Any CPU
		{679AB0DF-B08D-4999-836B-C722778C7A95}.Debug|Any CPU.ActiveCfg = Debug|Any CPU
		{679AB0DF-B08D-4999-836B-C722778C7A95}.Debug|Any CPU.Build.0 = Debug|Any CPU
		{679AB0DF-B08D-4999-836B-C722778C7A95}.Release|Any CPU.ActiveCfg = Release|Any CPU
		{679AB0DF-B08D-4999-836B-C722778C7A95}.Release|Any CPU.Build.0 = Release|Any CPU
		{287BF7F0-D7E7-4FD0-B115-23529C995441}.Debug|Any CPU.ActiveCfg = Debug|Any CPU
		{287BF7F0-D7E7-4FD0-B115-23529C995441}.Debug|Any CPU.Build.0 = Debug|Any CPU
		{287BF7F0-D7E7-4FD0-B115-23529C995441}.Release|Any CPU.ActiveCfg = Release|Any CPU
		{287BF7F0-D7E7-4FD0-B115-23529C995441}.Release|Any CPU.Build.0 = Release|Any CPU
		{97FFD6D3-8095-4592-98BD-BCCD4AF980D3}.Debug|Any CPU.ActiveCfg = Debug|Any CPU
		{97FFD6D3-8095-4592-98BD-BCCD4AF980D3}.Debug|Any CPU.Build.0 = Debug|Any CPU
		{97FFD6D3-8095-4592-98BD-BCCD4AF980D3}.Release|Any CPU.ActiveCfg = Release|Any CPU
		{97FFD6D3-8095-4592-98BD-BCCD4AF980D3}.Release|Any CPU.Build.0 = Release|Any CPU
		{F25A0351-95E7-48C6-A134-14F43F8F7678}.Debug|Any CPU.ActiveCfg = Debug|Any CPU
		{F25A0351-95E7-48C6-A134-14F43F8F7678}.Debug|Any CPU.Build.0 = Debug|Any CPU
		{F25A0351-95E7-48C6-A134-14F43F8F7678}.Release|Any CPU.ActiveCfg = Release|Any CPU
		{F25A0351-95E7-48C6-A134-14F43F8F7678}.Release|Any CPU.Build.0 = Release|Any CPU
		{FEB7E65D-BEC8-4CB9-9029-135F769DD3A1}.Debug|Any CPU.ActiveCfg = Debug|Any CPU
		{FEB7E65D-BEC8-4CB9-9029-135F769DD3A1}.Debug|Any CPU.Build.0 = Debug|Any CPU
		{FEB7E65D-BEC8-4CB9-9029-135F769DD3A1}.Release|Any CPU.ActiveCfg = Release|Any CPU
		{FEB7E65D-BEC8-4CB9-9029-135F769DD3A1}.Release|Any CPU.Build.0 = Release|Any CPU
		{C4205A08-B166-4A43-AE4F-B07E5AA782EF}.Debug|Any CPU.ActiveCfg = Debug|Any CPU
		{C4205A08-B166-4A43-AE4F-B07E5AA782EF}.Debug|Any CPU.Build.0 = Debug|Any CPU
		{C4205A08-B166-4A43-AE4F-B07E5AA782EF}.Release|Any CPU.ActiveCfg = Release|Any CPU
		{C4205A08-B166-4A43-AE4F-B07E5AA782EF}.Release|Any CPU.Build.0 = Release|Any CPU
		{972577F0-3061-4659-933C-B065185DAF80}.Debug|Any CPU.ActiveCfg = Debug|Any CPU
		{972577F0-3061-4659-933C-B065185DAF80}.Debug|Any CPU.Build.0 = Debug|Any CPU
		{972577F0-3061-4659-933C-B065185DAF80}.Release|Any CPU.ActiveCfg = Release|Any CPU
		{972577F0-3061-4659-933C-B065185DAF80}.Release|Any CPU.Build.0 = Release|Any CPU
		{5BBC1895-4B66-4445-AF6D-F6711CB3266F}.Debug|Any CPU.ActiveCfg = Debug|Any CPU
		{5BBC1895-4B66-4445-AF6D-F6711CB3266F}.Debug|Any CPU.Build.0 = Debug|Any CPU
		{5BBC1895-4B66-4445-AF6D-F6711CB3266F}.Release|Any CPU.ActiveCfg = Release|Any CPU
		{5BBC1895-4B66-4445-AF6D-F6711CB3266F}.Release|Any CPU.Build.0 = Release|Any CPU
		{93A1E0E7-A049-4EA7-B349-845A81462D42}.Debug|Any CPU.ActiveCfg = Debug|Any CPU
		{93A1E0E7-A049-4EA7-B349-845A81462D42}.Debug|Any CPU.Build.0 = Debug|Any CPU
		{93A1E0E7-A049-4EA7-B349-845A81462D42}.Release|Any CPU.ActiveCfg = Release|Any CPU
		{93A1E0E7-A049-4EA7-B349-845A81462D42}.Release|Any CPU.Build.0 = Release|Any CPU
		{CA2B5379-05A2-44AB-BB4F-C49FD02677D0}.Debug|Any CPU.ActiveCfg = Debug|Any CPU
		{CA2B5379-05A2-44AB-BB4F-C49FD02677D0}.Debug|Any CPU.Build.0 = Debug|Any CPU
		{CA2B5379-05A2-44AB-BB4F-C49FD02677D0}.Release|Any CPU.ActiveCfg = Release|Any CPU
		{CA2B5379-05A2-44AB-BB4F-C49FD02677D0}.Release|Any CPU.Build.0 = Release|Any CPU
		{8F3FC7C7-5384-481E-A3C5-084504F8EED8}.Debug|Any CPU.ActiveCfg = Debug|Any CPU
		{8F3FC7C7-5384-481E-A3C5-084504F8EED8}.Debug|Any CPU.Build.0 = Debug|Any CPU
		{8F3FC7C7-5384-481E-A3C5-084504F8EED8}.Release|Any CPU.ActiveCfg = Release|Any CPU
		{8F3FC7C7-5384-481E-A3C5-084504F8EED8}.Release|Any CPU.Build.0 = Release|Any CPU
		{051F569B-8891-4DA7-BBB9-61D2E404B124}.Debug|Any CPU.ActiveCfg = Debug|Any CPU
		{051F569B-8891-4DA7-BBB9-61D2E404B124}.Debug|Any CPU.Build.0 = Debug|Any CPU
		{051F569B-8891-4DA7-BBB9-61D2E404B124}.Release|Any CPU.ActiveCfg = Release|Any CPU
		{051F569B-8891-4DA7-BBB9-61D2E404B124}.Release|Any CPU.Build.0 = Release|Any CPU
		{F8E33182-C952-4E25-9548-ADCC088A67D9}.Debug|Any CPU.ActiveCfg = Debug|Any CPU
		{F8E33182-C952-4E25-9548-ADCC088A67D9}.Debug|Any CPU.Build.0 = Debug|Any CPU
		{F8E33182-C952-4E25-9548-ADCC088A67D9}.Release|Any CPU.ActiveCfg = Release|Any CPU
		{F8E33182-C952-4E25-9548-ADCC088A67D9}.Release|Any CPU.Build.0 = Release|Any CPU
		{353179D4-AF57-4B5B-B097-BAB9E4891043}.Debug|Any CPU.ActiveCfg = Debug|Any CPU
		{353179D4-AF57-4B5B-B097-BAB9E4891043}.Debug|Any CPU.Build.0 = Debug|Any CPU
		{353179D4-AF57-4B5B-B097-BAB9E4891043}.Release|Any CPU.ActiveCfg = Release|Any CPU
		{353179D4-AF57-4B5B-B097-BAB9E4891043}.Release|Any CPU.Build.0 = Release|Any CPU
		{AF09FA22-37A6-4659-A574-2E575EE8341D}.Debug|Any CPU.ActiveCfg = Debug|Any CPU
		{AF09FA22-37A6-4659-A574-2E575EE8341D}.Debug|Any CPU.Build.0 = Debug|Any CPU
		{AF09FA22-37A6-4659-A574-2E575EE8341D}.Release|Any CPU.ActiveCfg = Release|Any CPU
		{AF09FA22-37A6-4659-A574-2E575EE8341D}.Release|Any CPU.Build.0 = Release|Any CPU
		{C4A37EA7-8EB9-4320-84F7-687F184CE520}.Debug|Any CPU.ActiveCfg = Debug|Any CPU
		{C4A37EA7-8EB9-4320-84F7-687F184CE520}.Debug|Any CPU.Build.0 = Debug|Any CPU
		{C4A37EA7-8EB9-4320-84F7-687F184CE520}.Release|Any CPU.ActiveCfg = Release|Any CPU
		{C4A37EA7-8EB9-4320-84F7-687F184CE520}.Release|Any CPU.Build.0 = Release|Any CPU
		{4704F48B-4FA4-4433-A36D-2CC96663F1A0}.Debug|Any CPU.ActiveCfg = Debug|Any CPU
		{4704F48B-4FA4-4433-A36D-2CC96663F1A0}.Debug|Any CPU.Build.0 = Debug|Any CPU
		{4704F48B-4FA4-4433-A36D-2CC96663F1A0}.Release|Any CPU.ActiveCfg = Release|Any CPU
		{4704F48B-4FA4-4433-A36D-2CC96663F1A0}.Release|Any CPU.Build.0 = Release|Any CPU
		{EDA74AD7-B4D0-4C50-BAB4-F8B5A7FCC34A}.Debug|Any CPU.ActiveCfg = Debug|Any CPU
		{EDA74AD7-B4D0-4C50-BAB4-F8B5A7FCC34A}.Debug|Any CPU.Build.0 = Debug|Any CPU
		{EDA74AD7-B4D0-4C50-BAB4-F8B5A7FCC34A}.Release|Any CPU.ActiveCfg = Release|Any CPU
		{EDA74AD7-B4D0-4C50-BAB4-F8B5A7FCC34A}.Release|Any CPU.Build.0 = Release|Any CPU
		{0BD3295F-6AD6-4EC7-ADDD-77E061786181}.Debug|Any CPU.ActiveCfg = Debug|Any CPU
		{0BD3295F-6AD6-4EC7-ADDD-77E061786181}.Debug|Any CPU.Build.0 = Debug|Any CPU
		{0BD3295F-6AD6-4EC7-ADDD-77E061786181}.Release|Any CPU.ActiveCfg = Release|Any CPU
		{0BD3295F-6AD6-4EC7-ADDD-77E061786181}.Release|Any CPU.Build.0 = Release|Any CPU
		{CAC6BC0B-B6EF-4FB6-A249-DD29D18AA657}.Debug|Any CPU.ActiveCfg = Debug|Any CPU
		{CAC6BC0B-B6EF-4FB6-A249-DD29D18AA657}.Debug|Any CPU.Build.0 = Debug|Any CPU
		{CAC6BC0B-B6EF-4FB6-A249-DD29D18AA657}.Release|Any CPU.ActiveCfg = Release|Any CPU
		{CAC6BC0B-B6EF-4FB6-A249-DD29D18AA657}.Release|Any CPU.Build.0 = Release|Any CPU
		{AB5A5A37-F831-4081-B756-20D7AF7E1553}.Debug|Any CPU.ActiveCfg = Debug|Any CPU
		{AB5A5A37-F831-4081-B756-20D7AF7E1553}.Debug|Any CPU.Build.0 = Debug|Any CPU
		{AB5A5A37-F831-4081-B756-20D7AF7E1553}.Release|Any CPU.ActiveCfg = Release|Any CPU
		{AB5A5A37-F831-4081-B756-20D7AF7E1553}.Release|Any CPU.Build.0 = Release|Any CPU
		{99ED2FC9-2D3B-499F-9FD4-DF04054B85EA}.Debug|Any CPU.ActiveCfg = Debug|Any CPU
		{99ED2FC9-2D3B-499F-9FD4-DF04054B85EA}.Debug|Any CPU.Build.0 = Debug|Any CPU
		{99ED2FC9-2D3B-499F-9FD4-DF04054B85EA}.Release|Any CPU.ActiveCfg = Release|Any CPU
		{99ED2FC9-2D3B-499F-9FD4-DF04054B85EA}.Release|Any CPU.Build.0 = Release|Any CPU
		{F51FEA70-1BFA-43CD-88C8-235D9B3F644F}.Debug|Any CPU.ActiveCfg = Debug|Any CPU
		{F51FEA70-1BFA-43CD-88C8-235D9B3F644F}.Debug|Any CPU.Build.0 = Debug|Any CPU
		{F51FEA70-1BFA-43CD-88C8-235D9B3F644F}.Release|Any CPU.ActiveCfg = Release|Any CPU
		{F51FEA70-1BFA-43CD-88C8-235D9B3F644F}.Release|Any CPU.Build.0 = Release|Any CPU
		{C13837F7-41A3-4824-AC07-69DD1DAC3C3D}.Debug|Any CPU.ActiveCfg = Debug|Any CPU
		{C13837F7-41A3-4824-AC07-69DD1DAC3C3D}.Debug|Any CPU.Build.0 = Debug|Any CPU
		{C13837F7-41A3-4824-AC07-69DD1DAC3C3D}.Release|Any CPU.ActiveCfg = Release|Any CPU
		{C13837F7-41A3-4824-AC07-69DD1DAC3C3D}.Release|Any CPU.Build.0 = Release|Any CPU
	EndGlobalSection
	GlobalSection(SolutionProperties) = preSolution
		HideSolutionNode = FALSE
	EndGlobalSection
	GlobalSection(NestedProjects) = preSolution
		{7893D3DE-1517-443B-9C4A-191EC233A073} = {9227CC8D-3BAF-4777-8D04-336414C78EC9}
		{F8BD8B5E-BC5D-40EB-8327-0B6E3B14887D} = {9227CC8D-3BAF-4777-8D04-336414C78EC9}
		{EFD902FC-183D-452B-8FE8-727E777A0FAD} = {9227CC8D-3BAF-4777-8D04-336414C78EC9}
		{431EA610-662F-4B4B-926D-8ED6B0638D01} = {9227CC8D-3BAF-4777-8D04-336414C78EC9}
		{F8E33182-C952-4E25-9548-ADCC088A67D9} = {9227CC8D-3BAF-4777-8D04-336414C78EC9}
		{C4A37EA7-8EB9-4320-84F7-687F184CE520} = {9227CC8D-3BAF-4777-8D04-336414C78EC9}
		{0BD3295F-6AD6-4EC7-ADDD-77E061786181} = {9227CC8D-3BAF-4777-8D04-336414C78EC9}
		{F51FEA70-1BFA-43CD-88C8-235D9B3F644F} = {9227CC8D-3BAF-4777-8D04-336414C78EC9}
		{97FFD6D3-8095-4592-98BD-BCCD4AF980D3} = {37B817E6-B2FF-40A0-93D7-B8CC93562EDB}
		{051F569B-8891-4DA7-BBB9-61D2E404B124} = {37B817E6-B2FF-40A0-93D7-B8CC93562EDB}
		{AF09FA22-37A6-4659-A574-2E575EE8341D} = {37B817E6-B2FF-40A0-93D7-B8CC93562EDB}
		{CAC6BC0B-B6EF-4FB6-A249-DD29D18AA657} = {37B817E6-B2FF-40A0-93D7-B8CC93562EDB}
		{99ED2FC9-2D3B-499F-9FD4-DF04054B85EA} = {37B817E6-B2FF-40A0-93D7-B8CC93562EDB}
		{7A302F72-5F5F-41AF-9C2A-5C27E03A47D4} = {FE27F092-53D7-4A5D-B230-F2D50C63B095}
		{DBB225C3-AD3B-469C-A8DF-CA8DFC4AE304} = {FE27F092-53D7-4A5D-B230-F2D50C63B095}
		{BC42779F-9F4D-4599-ABC4-F46FA70C63A5} = {FE27F092-53D7-4A5D-B230-F2D50C63B095}
		{C4DA068E-3DDA-43E1-845C-2C3F2F6E1D48} = {FE27F092-53D7-4A5D-B230-F2D50C63B095}
		{C93539D1-C8A9-46EE-A2B9-ECF46B9DA47E} = {FE27F092-53D7-4A5D-B230-F2D50C63B095}
		{D97FBACC-0D6D-40BE-8EE3-5142B792393B} = {FE27F092-53D7-4A5D-B230-F2D50C63B095}
		{8F3FC7C7-5384-481E-A3C5-084504F8EED8} = {17B59478-4B1F-4F59-B092-EAE5D650A1F0}
		{AB5A5A37-F831-4081-B756-20D7AF7E1553} = {17B59478-4B1F-4F59-B092-EAE5D650A1F0}
		{5638E5CF-06F5-4269-BEED-8E074A60C559} = {79EFD256-4F2C-43C7-97E2-3431E59BB0D6}
		{D309418B-BFBF-4DDD-B1F5-7CCC9A6FDD8C} = {79EFD256-4F2C-43C7-97E2-3431E59BB0D6}
		{679AB0DF-B08D-4999-836B-C722778C7A95} = {79EFD256-4F2C-43C7-97E2-3431E59BB0D6}
		{287BF7F0-D7E7-4FD0-B115-23529C995441} = {79EFD256-4F2C-43C7-97E2-3431E59BB0D6}
		{F25A0351-95E7-48C6-A134-14F43F8F7678} = {79EFD256-4F2C-43C7-97E2-3431E59BB0D6}
		{C13837F7-41A3-4824-AC07-69DD1DAC3C3D} = {79EFD256-4F2C-43C7-97E2-3431E59BB0D6}
		{FEB7E65D-BEC8-4CB9-9029-135F769DD3A1} = {E243B72B-1B22-4DE9-B591-8BBF610138CA}
		{5BBC1895-4B66-4445-AF6D-F6711CB3266F} = {E243B72B-1B22-4DE9-B591-8BBF610138CA}
		{93A1E0E7-A049-4EA7-B349-845A81462D42} = {E243B72B-1B22-4DE9-B591-8BBF610138CA}
		{CA2B5379-05A2-44AB-BB4F-C49FD02677D0} = {E243B72B-1B22-4DE9-B591-8BBF610138CA}
		{C4205A08-B166-4A43-AE4F-B07E5AA782EF} = {3A1D563A-EA25-408C-ADE6-AF3723A1EDB5}
		{972577F0-3061-4659-933C-B065185DAF80} = {79543B80-0F3A-4F2E-845A-E730EA51EAAC}
		{353179D4-AF57-4B5B-B097-BAB9E4891043} = {79543B80-0F3A-4F2E-845A-E730EA51EAAC}
		{4704F48B-4FA4-4433-A36D-2CC96663F1A0} = {79543B80-0F3A-4F2E-845A-E730EA51EAAC}
		{EDA74AD7-B4D0-4C50-BAB4-F8B5A7FCC34A} = {79543B80-0F3A-4F2E-845A-E730EA51EAAC}
	EndGlobalSection
EndGlobal
