
Microsoft Visual Studio Solution File, Format Version 12.00
# Visual Studio 2013
VisualStudioVersion = 12.0.21005.1
MinimumVisualStudioVersion = 10.0.40219.1
Project("{2150E333-8FDC-42A3-9474-1A3956D46DE8}") = "BLL", "BLL", "{9227CC8D-3BAF-4777-8D04-336414C78EC9}"
EndProject
Project("{2150E333-8FDC-42A3-9474-1A3956D46DE8}") = "DAL", "DAL", "{37B817E6-B2FF-40A0-93D7-B8CC93562EDB}"
EndProject
Project("{2150E333-8FDC-42A3-9474-1A3956D46DE8}") = "Service", "Service", "{17B59478-4B1F-4F59-B092-EAE5D650A1F0}"
EndProject
Project("{2150E333-8FDC-42A3-9474-1A3956D46DE8}") = "Web", "Web", "{79EFD256-4F2C-43C7-97E2-3431E59BB0D6}"
EndProject
Project("{FAE04EC0-301F-11D3-BF4B-00C04F79EFBC}") = "IES.G2S.Resource.BLL", "IES.G2S.Resource.BLL\IES.G2S.Resource.BLL.csproj", "{7893D3DE-1517-443B-9C4A-191EC233A073}"
EndProject
Project("{2150E333-8FDC-42A3-9474-1A3956D46DE8}") = "Model", "Model", "{E243B72B-1B22-4DE9-B591-8BBF610138CA}"
EndProject
Project("{FAE04EC0-301F-11D3-BF4B-00C04F79EFBC}") = "IES.G2S.Resource.DAL", "IES.G2S.Resource.DAL\IES.G2S.Resource.DAL.csproj", "{97FFD6D3-8095-4592-98BD-BCCD4AF980D3}"
EndProject
Project("{FAE04EC0-301F-11D3-BF4B-00C04F79EFBC}") = "IES.Resource.Model", "IES.Resource.Model\IES.Resource.Model.csproj", "{FEB7E65D-BEC8-4CB9-9029-135F769DD3A1}"
EndProject
Project("{2150E333-8FDC-42A3-9474-1A3956D46DE8}") = "IBLL", "IBLL", "{79543B80-0F3A-4F2E-845A-E730EA51EAAC}"
EndProject
Project("{FAE04EC0-301F-11D3-BF4B-00C04F79EFBC}") = "IES.G2S.Resource.IBLL", "IES.G2S.Resource.IBLL\IES.G2S.Resource.IBLL.csproj", "{972577F0-3061-4659-933C-B065185DAF80}"
EndProject
Project("{FAE04EC0-301F-11D3-BF4B-00C04F79EFBC}") = "Resource", "Resource\Resource.csproj", "{8274499F-0EE1-403C-B830-7AB8EC4E5B55}"
EndProject
Project("{FAE04EC0-301F-11D3-BF4B-00C04F79EFBC}") = "IES.Service", "IES.Service\IES.Service.csproj", "{3A3C9B64-1CD3-4ECA-9DBD-CE5B4F3F833E}"
EndProject
Global
	GlobalSection(SolutionConfigurationPlatforms) = preSolution
		Debug|Any CPU = Debug|Any CPU
		Release|Any CPU = Release|Any CPU
	EndGlobalSection
	GlobalSection(ProjectConfigurationPlatforms) = postSolution
		{7893D3DE-1517-443B-9C4A-191EC233A073}.Debug|Any CPU.ActiveCfg = Debug|Any CPU
		{7893D3DE-1517-443B-9C4A-191EC233A073}.Debug|Any CPU.Build.0 = Debug|Any CPU
		{7893D3DE-1517-443B-9C4A-191EC233A073}.Release|Any CPU.ActiveCfg = Release|Any CPU
		{7893D3DE-1517-443B-9C4A-191EC233A073}.Release|Any CPU.Build.0 = Release|Any CPU
		{97FFD6D3-8095-4592-98BD-BCCD4AF980D3}.Debug|Any CPU.ActiveCfg = Debug|Any CPU
		{97FFD6D3-8095-4592-98BD-BCCD4AF980D3}.Debug|Any CPU.Build.0 = Debug|Any CPU
		{97FFD6D3-8095-4592-98BD-BCCD4AF980D3}.Release|Any CPU.ActiveCfg = Release|Any CPU
		{97FFD6D3-8095-4592-98BD-BCCD4AF980D3}.Release|Any CPU.Build.0 = Release|Any CPU
		{FEB7E65D-BEC8-4CB9-9029-135F769DD3A1}.Debug|Any CPU.ActiveCfg = Debug|Any CPU
		{FEB7E65D-BEC8-4CB9-9029-135F769DD3A1}.Debug|Any CPU.Build.0 = Debug|Any CPU
		{FEB7E65D-BEC8-4CB9-9029-135F769DD3A1}.Release|Any CPU.ActiveCfg = Release|Any CPU
		{FEB7E65D-BEC8-4CB9-9029-135F769DD3A1}.Release|Any CPU.Build.0 = Release|Any CPU
		{972577F0-3061-4659-933C-B065185DAF80}.Debug|Any CPU.ActiveCfg = Debug|Any CPU
		{972577F0-3061-4659-933C-B065185DAF80}.Debug|Any CPU.Build.0 = Debug|Any CPU
		{972577F0-3061-4659-933C-B065185DAF80}.Release|Any CPU.ActiveCfg = Release|Any CPU
		{972577F0-3061-4659-933C-B065185DAF80}.Release|Any CPU.Build.0 = Release|Any CPU
		{8274499F-0EE1-403C-B830-7AB8EC4E5B55}.Debug|Any CPU.ActiveCfg = Debug|Any CPU
		{8274499F-0EE1-403C-B830-7AB8EC4E5B55}.Debug|Any CPU.Build.0 = Debug|Any CPU
		{8274499F-0EE1-403C-B830-7AB8EC4E5B55}.Release|Any CPU.ActiveCfg = Release|Any CPU
		{8274499F-0EE1-403C-B830-7AB8EC4E5B55}.Release|Any CPU.Build.0 = Release|Any CPU
		{3A3C9B64-1CD3-4ECA-9DBD-CE5B4F3F833E}.Debug|Any CPU.ActiveCfg = Debug|Any CPU
		{3A3C9B64-1CD3-4ECA-9DBD-CE5B4F3F833E}.Debug|Any CPU.Build.0 = Debug|Any CPU
		{3A3C9B64-1CD3-4ECA-9DBD-CE5B4F3F833E}.Release|Any CPU.ActiveCfg = Release|Any CPU
		{3A3C9B64-1CD3-4ECA-9DBD-CE5B4F3F833E}.Release|Any CPU.Build.0 = Release|Any CPU
	EndGlobalSection
	GlobalSection(SolutionProperties) = preSolution
		HideSolutionNode = FALSE
	EndGlobalSection
	GlobalSection(NestedProjects) = preSolution
		{7893D3DE-1517-443B-9C4A-191EC233A073} = {9227CC8D-3BAF-4777-8D04-336414C78EC9}
		{97FFD6D3-8095-4592-98BD-BCCD4AF980D3} = {37B817E6-B2FF-40A0-93D7-B8CC93562EDB}
		{3A3C9B64-1CD3-4ECA-9DBD-CE5B4F3F833E} = {17B59478-4B1F-4F59-B092-EAE5D650A1F0}
		{8274499F-0EE1-403C-B830-7AB8EC4E5B55} = {79EFD256-4F2C-43C7-97E2-3431E59BB0D6}
		{FEB7E65D-BEC8-4CB9-9029-135F769DD3A1} = {E243B72B-1B22-4DE9-B591-8BBF610138CA}
		{972577F0-3061-4659-933C-B065185DAF80} = {79543B80-0F3A-4F2E-845A-E730EA51EAAC}
	EndGlobalSection
EndGlobal
